
Microsoft Visual Studio Solution File, Format Version 12.00
# Visual Studio 14
VisualStudioVersion = 14.0.25420.1
MinimumVisualStudioVersion = 10.0.40219.1
Project("{FAE04EC0-301F-11D3-BF4B-00C04F79EFBC}") = "WinFormApi", "WinFormApi\WinFormApi.csproj", "{701E7EF2-64D9-4613-89CF-B7A18B1E508D}"
EndProject
Project("{FAE04EC0-301F-11D3-BF4B-00C04F79EFBC}") = "API_Demo", "API_Demo\API_Demo.csproj", "{F18393BC-70F8-41CA-91DA-574355C2B2C6}"
EndProject
Global
	GlobalSection(SolutionConfigurationPlatforms) = preSolution
		Debug|Any CPU = Debug|Any CPU
		Release|Any CPU = Release|Any CPU
	EndGlobalSection
	GlobalSection(ProjectConfigurationPlatforms) = postSolution
		{701E7EF2-64D9-4613-89CF-B7A18B1E508D}.Debug|Any CPU.ActiveCfg = Debug|Any CPU
		{701E7EF2-64D9-4613-89CF-B7A18B1E508D}.Debug|Any CPU.Build.0 = Debug|Any CPU
		{701E7EF2-64D9-4613-89CF-B7A18B1E508D}.Release|Any CPU.ActiveCfg = Release|Any CPU
		{701E7EF2-64D9-4613-89CF-B7A18B1E508D}.Release|Any CPU.Build.0 = Release|Any CPU
		{F18393BC-70F8-41CA-91DA-574355C2B2C6}.Debug|Any CPU.ActiveCfg = Debug|Any CPU
		{F18393BC-70F8-41CA-91DA-574355C2B2C6}.Debug|Any CPU.Build.0 = Debug|Any CPU
		{F18393BC-70F8-41CA-91DA-574355C2B2C6}.Release|Any CPU.ActiveCfg = Release|Any CPU
		{F18393BC-70F8-41CA-91DA-574355C2B2C6}.Release|Any CPU.Build.0 = Release|Any CPU
	EndGlobalSection
	GlobalSection(SolutionProperties) = preSolution
		HideSolutionNode = FALSE
	EndGlobalSection
EndGlobal
